{
  "version": 4,
  "terraform_version": "1.5.7",
  "serial": 32,
  "lineage": "ed3778be-7b0e-cb05-cc8e-928d711a4034",
  "outputs": {
    "k8_cluster_host": {
      "value": "35.192.79.2",
      "type": "string"
    },
    "k8s_cluster_name": {
      "value": "divine-amdari-cluster",
      "type": "string"
    },
    "region": {
      "value": "us-central1",
      "type": "string"
    }
  },
  "resources": [
    {
      "module": "module.gcs_bucket",
      "mode": "managed",
      "type": "google_storage_bucket",
      "name": "storage_bucket",
      "provider": "provider[\"registry.terraform.io/hashicorp/google\"]",
      "instances": [
        {
          "schema_version": 0,
          "attributes": {
            "autoclass": [],
            "cors": [],
            "custom_placement_config": [],
            "default_event_based_hold": false,
            "encryption": [],
            "force_destroy": true,
            "id": "movie_review-bucket",
            "labels": {
              "environment": "development"
            },
            "lifecycle_rule": [],
            "location": "US",
            "logging": [],
            "name": "movie_review-bucket",
            "project": "divine-amdari-project",
            "public_access_prevention": "inherited",
            "requester_pays": false,
            "retention_policy": [],
            "self_link": "https://www.googleapis.com/storage/v1/b/movie_review-bucket",
            "storage_class": "STANDARD",
            "timeouts": null,
            "uniform_bucket_level_access": false,
            "url": "gs://movie_review-bucket",
            "versioning": [],
            "website": []
          },
          "sensitive_attributes": [],
          "private": "eyJlMmJmYjczMC1lY2FhLTExZTYtOGY4OC0zNDM2M2JjN2M0YzAiOnsiY3JlYXRlIjo2MDAwMDAwMDAwMDAsInJlYWQiOjI0MDAwMDAwMDAwMCwidXBkYXRlIjoyNDAwMDAwMDAwMDB9fQ=="
        }
      ]
    },
    {
      "module": "module.gcs_staging_bucket",
      "mode": "managed",
      "type": "google_storage_bucket",
      "name": "storage_bucket",
      "provider": "provider[\"registry.terraform.io/hashicorp/google\"]",
      "instances": [
        {
          "schema_version": 0,
          "attributes": {
            "autoclass": [],
            "cors": [],
            "custom_placement_config": [],
            "default_event_based_hold": false,
            "encryption": [],
            "force_destroy": true,
            "id": "movie_review-bucket-staging",
            "labels": {
              "environment": "development"
            },
            "lifecycle_rule": [],
            "location": "US",
            "logging": [],
            "name": "movie_review-bucket-staging",
            "project": "divine-amdari-project",
            "public_access_prevention": "inherited",
            "requester_pays": false,
            "retention_policy": [],
            "self_link": "https://www.googleapis.com/storage/v1/b/movie_review-bucket-staging",
            "storage_class": "STANDARD",
            "timeouts": null,
            "uniform_bucket_level_access": false,
            "url": "gs://movie_review-bucket-staging",
            "versioning": [],
            "website": []
          },
          "sensitive_attributes": [],
          "private": "eyJlMmJmYjczMC1lY2FhLTExZTYtOGY4OC0zNDM2M2JjN2M0YzAiOnsiY3JlYXRlIjo2MDAwMDAwMDAwMDAsInJlYWQiOjI0MDAwMDAwMDAwMCwidXBkYXRlIjoyNDAwMDAwMDAwMDB9fQ=="
        }
      ]
    },
    {
      "module": "module.kubernetes_cluster",
      "mode": "managed",
      "type": "google_container_cluster",
      "name": "gke_cluster",
      "provider": "provider[\"registry.terraform.io/hashicorp/google\"]",
      "instances": [
        {
          "schema_version": 1,
          "attributes": {
            "addons_config": [
              {
                "cloudrun_config": [],
                "config_connector_config": [],
                "dns_cache_config": [],
                "gce_persistent_disk_csi_driver_config": [
                  {
                    "enabled": true
                  }
                ],
                "gcp_filestore_csi_driver_config": [],
                "gcs_fuse_csi_driver_config": [],
                "gke_backup_agent_config": [],
                "horizontal_pod_autoscaling": [],
                "http_load_balancing": [],
                "network_policy_config": [
                  {
                    "disabled": true
                  }
                ]
              }
            ],
            "allow_net_admin": null,
            "authenticator_groups_config": [],
            "binary_authorization": [
              {
                "enabled": false,
                "evaluation_mode": ""
              }
            ],
            "cluster_autoscaling": [
              {
                "auto_provisioning_defaults": [],
                "enabled": false,
                "resource_limits": []
              }
            ],
            "cluster_ipv4_cidr": "10.0.0.0/14",
            "confidential_nodes": [],
            "cost_management_config": [],
            "database_encryption": [
              {
                "key_name": "",
                "state": "DECRYPTED"
              }
            ],
            "datapath_provider": "",
            "default_max_pods_per_node": null,
            "default_snat_status": [
              {
                "disabled": false
              }
            ],
            "description": "",
            "dns_config": [],
            "enable_autopilot": false,
            "enable_binary_authorization": false,
            "enable_intranode_visibility": false,
            "enable_k8s_beta_apis": [],
            "enable_kubernetes_alpha": false,
            "enable_l4_ilb_subsetting": false,
            "enable_legacy_abac": false,
            "enable_shielded_nodes": true,
            "enable_tpu": false,
            "endpoint": "35.192.79.2",
            "gateway_api_config": [],
            "id": "projects/divine-amdari-project/locations/us-central1-a/clusters/divine-amdari-cluster",
            "initial_node_count": 1,
            "ip_allocation_policy": [],
            "label_fingerprint": "a9dc16a7",
            "location": "us-central1-a",
            "logging_config": [
              {
                "enable_components": [
                  "SYSTEM_COMPONENTS",
                  "WORKLOADS"
                ]
              }
            ],
            "logging_service": "logging.googleapis.com/kubernetes",
            "maintenance_policy": [],
            "master_auth": [
              {
                "client_certificate": "",
                "client_certificate_config": [
                  {
                    "issue_client_certificate": false
                  }
                ],
                "client_key": "",
                "cluster_ca_certificate": "LS0tLS1CRUdJTiBDRVJUSUZJQ0FURS0tLS0tCk1JSUVMVENDQXBXZ0F3SUJBZ0lSQUk4NXloa2hxcnAvVDRUSk9uLzhaZjR3RFFZSktvWklodmNOQVFFTEJRQXcKTHpFdE1Dc0dBMVVFQXhNa01UVmhaREZoWTJJdE5USXdOeTAwWm1JekxXSTROMll0TW1ObE1HSXhOV0psWldNeQpNQ0FYRFRJME1EY3hNakV3TWpVd09Gb1lEekl3TlRRd056QTFNVEV5TlRBNFdqQXZNUzB3S3dZRFZRUURFeVF4Ck5XRmtNV0ZqWWkwMU1qQTNMVFJtWWpNdFlqZzNaaTB5WTJVd1lqRTFZbVZsWXpJd2dnR2lNQTBHQ1NxR1NJYjMKRFFFQkFRVUFBNElCandBd2dnR0tBb0lCZ1FEcEtUR3RNVlk3NXh4ZjlBbGkvZVhMQXZzUXRiTDBnWWdDK0JGVQpDckQ3Z3RxNVpCdGtUOVBBSmZlOFIrd1c3SlEycGxqdi9mSEdKTkV6cVJmc3JRQU5YVHM1azFkYjBTakNHZk1PCmNreE0vbWlpKzJQaWNrL1JoRG5KMU9jZmR6VGt1N2FHTHFWVFF2OWJFUFNKUFdDQ2NGOWlDS0VNS1VEVm9UcTAKQjZIVnhybEw2eHlNeVErNnEzbjZIclVCQk5Kd1UxRTJ0UXQ5ZU1hZjc2dXN0RnhLd3JmdHgrd0d5TW5Tb0tBWgo1Q011MEdQWWs3N1RLSHZLcE5WWjNSelVkdWlvdVVMYTdvaVJUMUZhcjZmZW5uVWxZOWkzZDB6MktmRHpMSEZUCkErQjZrNHdFenlPalUzN3lEQzE5VXV3UjZ4WVc4WENsQ3ZLakVZcUlZam0rWUlUZzZhMVpLT04wSWl0TGlxNUwKaCs0a0ZsbEp4d1BZMVFEZHdMdFV2Y21GN29ocXI3cnkzQ2hkL2hrOVZ0WEo4WXA0VkphS3ZaeEt0S3FsU2IwVApWOTJhM0ZDMm1xRFdOUHpmM1cxVThmUzFxN2doUlQ3eDUvclptZkQ4c0hUL2hVZ1gwcy81ck81SG9oZ3VYbmdyCmV0NzI1YnlybHlMQmNEVGNWUk8rQTd5SGFXOENBd0VBQWFOQ01FQXdEZ1lEVlIwUEFRSC9CQVFEQWdJRU1BOEcKQTFVZEV3RUIvd1FGTUFNQkFmOHdIUVlEVlIwT0JCWUVGTElhOHdDYzl2Wk9Yak05Z2dmeEpVellhY05tTUEwRwpDU3FHU0liM0RRRUJDd1VBQTRJQmdRQTJCWWc0c1owUHpwQWlxK2VDNnBBNFFEQllHL0tFOU9sdnNab3E3aHpjCklhUmpLc2JoWDQ5M1dHSStTNFZ5aStEYWZLRkVYbjhPRS9FVjlzdmR6MVRJVHhlbjAveDAzT0VGUTI3Yi8rOVoKd2NETFBXS2w0cWRKM1pOc29UNXp3SGdOcnA5L0ZXUTVjQ0JZWTNJRWNHaWRHY2FiNmRqc3lNZzhqNnhGdnplVQpqQXlaZUFvcnVlOFBzZ0o3K0xIdFlVc1o0ZVV5bXBzVzZQaG5YYzl6dzJqVGtjVUp3Q2JuOENVeklOYmM4MUljClYrQ05FS3JaZ05zSmJXZzNaY0F0YzEzRDVvdTBCVy9OZlB6RHVwT0kyV1ZyVkZPK3hnQmRUS2V4NGErcVdlUUUKZy82WGdZNjNUV2J1YytoaUpkek1FMkdRdDJqS29LcW9hYkwzeGVQYUtrS0ZiUW9HZXYxK2o5R0Jyb3NDb21PcApkT1A3ajBUckpZaGc5VDJLZFNXRXpUVUgrVXBJWmp1NnlYUXpmR29IK3oxUGZaU20xalhQS3NSQTk4Z2Voa0YyCmxWL3NHLzZCcmg0Ny9Qc2t5ZU9OZ1FCV2ZlTWR3TFpyWnZrYzJGZGM1U240ajQyK2dSZkZEbzhwK2lXeDU1T2UKSldKdmJSMWhGaGlOcHJDY0x1MDNEalU9Ci0tLS0tRU5EIENFUlRJRklDQVRFLS0tLS0K"
              }
            ],
            "master_authorized_networks_config": [],
            "master_version": "1.29.4-gke.1043004",
            "mesh_certificates": [],
            "min_master_version": null,
            "monitoring_config": [
              {
                "advanced_datapath_observability_config": [
                  {
                    "enable_metrics": false,
                    "relay_mode": ""
                  }
                ],
                "enable_components": [
                  "SYSTEM_COMPONENTS"
                ],
                "managed_prometheus": [
                  {
                    "enabled": true
                  }
                ]
              }
            ],
            "monitoring_service": "monitoring.googleapis.com/kubernetes",
            "name": "divine-amdari-cluster",
            "network": "projects/divine-amdari-project/global/networks/default",
            "network_policy": [
              {
                "enabled": false,
                "provider": "PROVIDER_UNSPECIFIED"
              }
            ],
            "networking_mode": "ROUTES",
            "node_config": [
              {
                "advanced_machine_features": [],
                "boot_disk_kms_key": "",
                "disk_size_gb": 80,
                "disk_type": "pd-balanced",
                "ephemeral_storage_local_ssd_config": [],
                "gcfs_config": [],
                "guest_accelerator": [],
                "gvnic": [],
                "host_maintenance_policy": [],
                "image_type": "COS_CONTAINERD",
                "kubelet_config": [],
                "labels": {
                  "env": "divine-amdari-project"
                },
                "linux_node_config": [],
                "local_nvme_ssd_block_config": [],
                "local_ssd_count": 0,
                "logging_variant": "DEFAULT",
                "machine_type": "n1-standard-2",
                "metadata": {
                  "disable-legacy-endpoints": "true"
                },
                "min_cpu_platform": "",
                "node_group": "",
                "oauth_scopes": [
                  "https://www.googleapis.com/auth/logging.write",
                  "https://www.googleapis.com/auth/monitoring"
                ],
                "preemptible": false,
                "reservation_affinity": [],
                "resource_labels": {},
                "service_account": "default",
                "shielded_instance_config": [
                  {
                    "enable_integrity_monitoring": true,
                    "enable_secure_boot": false
                  }
                ],
                "sole_tenant_config": [],
                "spot": false,
                "tags": [
                  "divine-amdari-project-gke",
                  "gke-node"
                ],
                "taint": [],
                "workload_metadata_config": []
              }
            ],
            "node_locations": [],
            "node_pool": [
              {
                "autoscaling": [],
                "initial_node_count": 2,
                "instance_group_urls": [
                  "https://www.googleapis.com/compute/v1/projects/divine-amdari-project/zones/us-central1-a/instanceGroupManagers/gke-divine-amdari-cl-divine-amdari-cl-8d3e8930-grp"
                ],
                "managed_instance_group_urls": [
                  "https://www.googleapis.com/compute/v1/projects/divine-amdari-project/zones/us-central1-a/instanceGroups/gke-divine-amdari-cl-divine-amdari-cl-8d3e8930-grp"
                ],
                "management": [
                  {
                    "auto_repair": true,
                    "auto_upgrade": true
                  }
                ],
                "max_pods_per_node": 0,
                "name": "divine-amdari-cluster-node-pool",
                "name_prefix": "",
                "network_config": [
                  {
                    "create_pod_range": false,
                    "enable_private_nodes": false,
                    "pod_cidr_overprovision_config": [],
                    "pod_ipv4_cidr_block": "",
                    "pod_range": ""
                  }
                ],
                "node_config": [
                  {
                    "advanced_machine_features": [],
                    "boot_disk_kms_key": "",
                    "disk_size_gb": 80,
                    "disk_type": "pd-balanced",
                    "ephemeral_storage_local_ssd_config": [],
                    "gcfs_config": [],
                    "guest_accelerator": [],
                    "gvnic": [],
                    "host_maintenance_policy": [],
                    "image_type": "COS_CONTAINERD",
                    "kubelet_config": [],
                    "labels": {
                      "env": "divine-amdari-project"
                    },
                    "linux_node_config": [],
                    "local_nvme_ssd_block_config": [],
                    "local_ssd_count": 0,
                    "logging_variant": "DEFAULT",
                    "machine_type": "n1-standard-2",
                    "metadata": {
                      "disable-legacy-endpoints": "true"
                    },
                    "min_cpu_platform": "",
                    "node_group": "",
                    "oauth_scopes": [
                      "https://www.googleapis.com/auth/logging.write",
                      "https://www.googleapis.com/auth/monitoring"
                    ],
                    "preemptible": false,
                    "reservation_affinity": [],
                    "resource_labels": {},
                    "service_account": "default",
                    "shielded_instance_config": [
                      {
                        "enable_integrity_monitoring": true,
                        "enable_secure_boot": false
                      }
                    ],
                    "sole_tenant_config": [],
                    "spot": false,
                    "tags": [
                      "divine-amdari-project-gke",
                      "gke-node"
                    ],
                    "taint": [],
                    "workload_metadata_config": []
                  }
                ],
                "node_count": 2,
                "node_locations": [
                  "us-central1-a"
                ],
                "placement_policy": [],
                "upgrade_settings": [
                  {
                    "blue_green_settings": [],
                    "max_surge": 1,
                    "max_unavailable": 0,
                    "strategy": "SURGE"
                  }
                ],
                "version": "1.29.4-gke.1043004"
              }
            ],
            "node_pool_defaults": [
              {
                "node_config_defaults": [
                  {
                    "logging_variant": "DEFAULT"
                  }
                ]
              }
            ],
            "node_version": "1.29.4-gke.1043004",
            "notification_config": [
              {
                "pubsub": [
                  {
                    "enabled": false,
                    "filter": [],
                    "topic": ""
                  }
                ]
              }
            ],
            "operation": null,
            "private_cluster_config": [
              {
                "enable_private_endpoint": false,
                "enable_private_nodes": false,
                "master_global_access_config": [
                  {
                    "enabled": false
                  }
                ],
                "master_ipv4_cidr_block": "",
                "peering_name": "",
                "private_endpoint": "10.128.0.15",
                "private_endpoint_subnetwork": "",
                "public_endpoint": "35.192.79.2"
              }
            ],
            "private_ipv6_google_access": "",
            "project": "divine-amdari-project",
            "release_channel": [
              {
                "channel": "REGULAR"
              }
            ],
            "remove_default_node_pool": true,
            "resource_labels": {},
            "resource_usage_export_config": [],
            "security_posture_config": [
              {
                "mode": "BASIC",
                "vulnerability_mode": "VULNERABILITY_MODE_UNSPECIFIED"
              }
            ],
            "self_link": "https://container.googleapis.com/v1/projects/divine-amdari-project/zones/us-central1-a/clusters/divine-amdari-cluster",
            "service_external_ips_config": [
              {
                "enabled": false
              }
            ],
            "services_ipv4_cidr": "10.3.240.0/20",
            "subnetwork": "projects/divine-amdari-project/regions/us-central1/subnetworks/default",
            "timeouts": null,
            "tpu_ipv4_cidr_block": "",
            "vertical_pod_autoscaling": [],
            "workload_identity_config": []
          },
          "sensitive_attributes": [],
          "private": "eyJlMmJmYjczMC1lY2FhLTExZTYtOGY4OC0zNDM2M2JjN2M0YzAiOnsiY3JlYXRlIjoyNDAwMDAwMDAwMDAwLCJkZWxldGUiOjI0MDAwMDAwMDAwMDAsInJlYWQiOjI0MDAwMDAwMDAwMDAsInVwZGF0ZSI6MzYwMDAwMDAwMDAwMH0sInNjaGVtYV92ZXJzaW9uIjoiMSJ9"
        }
      ]
    },
    {
      "module": "module.kubernetes_cluster",
      "mode": "managed",
      "type": "google_container_node_pool",
      "name": "gke_node_pool",
      "provider": "provider[\"registry.terraform.io/hashicorp/google\"]",
      "instances": [
        {
          "schema_version": 1,
          "attributes": {
            "autoscaling": [],
            "cluster": "divine-amdari-cluster",
            "id": "projects/divine-amdari-project/locations/us-central1-a/clusters/divine-amdari-cluster/nodePools/divine-amdari-cluster-node-pool",
            "initial_node_count": 2,
            "instance_group_urls": [
              "https://www.googleapis.com/compute/v1/projects/divine-amdari-project/zones/us-central1-a/instanceGroupManagers/gke-divine-amdari-cl-divine-amdari-cl-8d3e8930-grp"
            ],
            "location": "us-central1-a",
            "managed_instance_group_urls": [
              "https://www.googleapis.com/compute/v1/projects/divine-amdari-project/zones/us-central1-a/instanceGroups/gke-divine-amdari-cl-divine-amdari-cl-8d3e8930-grp"
            ],
            "management": [
              {
                "auto_repair": true,
                "auto_upgrade": true
              }
            ],
            "max_pods_per_node": null,
            "name": "divine-amdari-cluster-node-pool",
            "name_prefix": "",
            "network_config": [
              {
                "create_pod_range": false,
                "enable_private_nodes": false,
                "pod_cidr_overprovision_config": [],
                "pod_ipv4_cidr_block": "",
                "pod_range": ""
              }
            ],
            "node_config": [
              {
                "advanced_machine_features": [],
                "boot_disk_kms_key": "",
                "disk_size_gb": 80,
                "disk_type": "pd-balanced",
                "ephemeral_storage_local_ssd_config": [],
                "gcfs_config": [],
                "guest_accelerator": [],
                "gvnic": [],
                "host_maintenance_policy": [],
                "image_type": "COS_CONTAINERD",
                "kubelet_config": [],
                "labels": {
                  "env": "divine-amdari-project"
                },
                "linux_node_config": [],
                "local_nvme_ssd_block_config": [],
                "local_ssd_count": 0,
                "logging_variant": "DEFAULT",
                "machine_type": "n1-standard-2",
                "metadata": {
                  "disable-legacy-endpoints": "true"
                },
                "min_cpu_platform": "",
                "node_group": "",
                "oauth_scopes": [
                  "https://www.googleapis.com/auth/logging.write",
                  "https://www.googleapis.com/auth/monitoring"
                ],
                "preemptible": false,
                "reservation_affinity": [],
                "resource_labels": {},
                "service_account": "default",
                "shielded_instance_config": [
                  {
                    "enable_integrity_monitoring": true,
                    "enable_secure_boot": false
                  }
                ],
                "sole_tenant_config": [],
                "spot": false,
                "tags": [
                  "divine-amdari-project-gke",
                  "gke-node"
                ],
                "taint": [],
                "workload_metadata_config": []
              }
            ],
            "node_count": 2,
            "node_locations": [
              "us-central1-a"
            ],
            "operation": null,
            "placement_policy": [],
            "project": "divine-amdari-project",
            "timeouts": null,
            "upgrade_settings": [
              {
                "blue_green_settings": [],
                "max_surge": 1,
                "max_unavailable": 0,
                "strategy": "SURGE"
              }
            ],
            "version": "1.29.4-gke.1043004"
          },
          "sensitive_attributes": [],
          "private": "eyJlMmJmYjczMC1lY2FhLTExZTYtOGY4OC0zNDM2M2JjN2M0YzAiOnsiY3JlYXRlIjoxODAwMDAwMDAwMDAwLCJkZWxldGUiOjE4MDAwMDAwMDAwMDAsInVwZGF0ZSI6MTgwMDAwMDAwMDAwMH0sInNjaGVtYV92ZXJzaW9uIjoiMSJ9",
          "dependencies": [
            "module.kubernetes_cluster.google_container_cluster.gke_cluster"
          ]
        }
      ]
    }
  ],
  "check_results": null
}
